
Microsoft Visual Studio Solution File, Format Version 12.00
# Visual Studio 15
VisualStudioVersion = 15.0.26124.0
MinimumVisualStudioVersion = 15.0.26124.0
Project("{FAE04EC0-301F-11D3-BF4B-00C04F79EFBC}") = "Domain", "Domain\Domain.csproj", "{BE615815-5AFF-43FE-B8D5-21015D8F4CC2}"
EndProject
Project("{FAE04EC0-301F-11D3-BF4B-00C04F79EFBC}") = "Application", "Application\Application.csproj", "{0B38C1E9-2A18-4ECC-8140-653FE0AFF324}"
EndProject
Project("{FAE04EC0-301F-11D3-BF4B-00C04F79EFBC}") = "Persistence", "Persistence\Persistence.csproj", "{CE707CA6-FE1D-4DC7-8579-497CAACBC70C}"
EndProject
Project("{FAE04EC0-301F-11D3-BF4B-00C04F79EFBC}") = "API", "API\API.csproj", "{8810EBDB-F4B9-4FB9-B273-C9AB31E1F272}"
EndProject
Global
	GlobalSection(SolutionConfigurationPlatforms) = preSolution
		Debug|Any CPU = Debug|Any CPU
		Debug|x64 = Debug|x64
		Debug|x86 = Debug|x86
		Release|Any CPU = Release|Any CPU
		Release|x64 = Release|x64
		Release|x86 = Release|x86
	EndGlobalSection
	GlobalSection(SolutionProperties) = preSolution
		HideSolutionNode = FALSE
	EndGlobalSection
	GlobalSection(ProjectConfigurationPlatforms) = postSolution
		{BE615815-5AFF-43FE-B8D5-21015D8F4CC2}.Debug|Any CPU.ActiveCfg = Debug|Any CPU
		{BE615815-5AFF-43FE-B8D5-21015D8F4CC2}.Debug|Any CPU.Build.0 = Debug|Any CPU
		{BE615815-5AFF-43FE-B8D5-21015D8F4CC2}.Debug|x64.ActiveCfg = Debug|Any CPU
		{BE615815-5AFF-43FE-B8D5-21015D8F4CC2}.Debug|x64.Build.0 = Debug|Any CPU
		{BE615815-5AFF-43FE-B8D5-21015D8F4CC2}.Debug|x86.ActiveCfg = Debug|Any CPU
		{BE615815-5AFF-43FE-B8D5-21015D8F4CC2}.Debug|x86.Build.0 = Debug|Any CPU
		{BE615815-5AFF-43FE-B8D5-21015D8F4CC2}.Release|Any CPU.ActiveCfg = Release|Any CPU
		{BE615815-5AFF-43FE-B8D5-21015D8F4CC2}.Release|Any CPU.Build.0 = Release|Any CPU
		{BE615815-5AFF-43FE-B8D5-21015D8F4CC2}.Release|x64.ActiveCfg = Release|Any CPU
		{BE615815-5AFF-43FE-B8D5-21015D8F4CC2}.Release|x64.Build.0 = Release|Any CPU
		{BE615815-5AFF-43FE-B8D5-21015D8F4CC2}.Release|x86.ActiveCfg = Release|Any CPU
		{BE615815-5AFF-43FE-B8D5-21015D8F4CC2}.Release|x86.Build.0 = Release|Any CPU
		{0B38C1E9-2A18-4ECC-8140-653FE0AFF324}.Debug|Any CPU.ActiveCfg = Debug|Any CPU
		{0B38C1E9-2A18-4ECC-8140-653FE0AFF324}.Debug|Any CPU.Build.0 = Debug|Any CPU
		{0B38C1E9-2A18-4ECC-8140-653FE0AFF324}.Debug|x64.ActiveCfg = Debug|Any CPU
		{0B38C1E9-2A18-4ECC-8140-653FE0AFF324}.Debug|x64.Build.0 = Debug|Any CPU
		{0B38C1E9-2A18-4ECC-8140-653FE0AFF324}.Debug|x86.ActiveCfg = Debug|Any CPU
		{0B38C1E9-2A18-4ECC-8140-653FE0AFF324}.Debug|x86.Build.0 = Debug|Any CPU
		{0B38C1E9-2A18-4ECC-8140-653FE0AFF324}.Release|Any CPU.ActiveCfg = Release|Any CPU
		{0B38C1E9-2A18-4ECC-8140-653FE0AFF324}.Release|Any CPU.Build.0 = Release|Any CPU
		{0B38C1E9-2A18-4ECC-8140-653FE0AFF324}.Release|x64.ActiveCfg = Release|Any CPU
		{0B38C1E9-2A18-4ECC-8140-653FE0AFF324}.Release|x64.Build.0 = Release|Any CPU
		{0B38C1E9-2A18-4ECC-8140-653FE0AFF324}.Release|x86.ActiveCfg = Release|Any CPU
		{0B38C1E9-2A18-4ECC-8140-653FE0AFF324}.Release|x86.Build.0 = Release|Any CPU
		{CE707CA6-FE1D-4DC7-8579-497CAACBC70C}.Debug|Any CPU.ActiveCfg = Debug|Any CPU
		{CE707CA6-FE1D-4DC7-8579-497CAACBC70C}.Debug|Any CPU.Build.0 = Debug|Any CPU
		{CE707CA6-FE1D-4DC7-8579-497CAACBC70C}.Debug|x64.ActiveCfg = Debug|Any CPU
		{CE707CA6-FE1D-4DC7-8579-497CAACBC70C}.Debug|x64.Build.0 = Debug|Any CPU
		{CE707CA6-FE1D-4DC7-8579-497CAACBC70C}.Debug|x86.ActiveCfg = Debug|Any CPU
		{CE707CA6-FE1D-4DC7-8579-497CAACBC70C}.Debug|x86.Build.0 = Debug|Any CPU
		{CE707CA6-FE1D-4DC7-8579-497CAACBC70C}.Release|Any CPU.ActiveCfg = Release|Any CPU
		{CE707CA6-FE1D-4DC7-8579-497CAACBC70C}.Release|Any CPU.Build.0 = Release|Any CPU
		{CE707CA6-FE1D-4DC7-8579-497CAACBC70C}.Release|x64.ActiveCfg = Release|Any CPU
		{CE707CA6-FE1D-4DC7-8579-497CAACBC70C}.Release|x64.Build.0 = Release|Any CPU
		{CE707CA6-FE1D-4DC7-8579-497CAACBC70C}.Release|x86.ActiveCfg = Release|Any CPU
		{CE707CA6-FE1D-4DC7-8579-497CAACBC70C}.Release|x86.Build.0 = Release|Any CPU
		{8810EBDB-F4B9-4FB9-B273-C9AB31E1F272}.Debug|Any CPU.ActiveCfg = Debug|Any CPU
		{8810EBDB-F4B9-4FB9-B273-C9AB31E1F272}.Debug|Any CPU.Build.0 = Debug|Any CPU
		{8810EBDB-F4B9-4FB9-B273-C9AB31E1F272}.Debug|x64.ActiveCfg = Debug|Any CPU
		{8810EBDB-F4B9-4FB9-B273-C9AB31E1F272}.Debug|x64.Build.0 = Debug|Any CPU
		{8810EBDB-F4B9-4FB9-B273-C9AB31E1F272}.Debug|x86.ActiveCfg = Debug|Any CPU
		{8810EBDB-F4B9-4FB9-B273-C9AB31E1F272}.Debug|x86.Build.0 = Debug|Any CPU
		{8810EBDB-F4B9-4FB9-B273-C9AB31E1F272}.Release|Any CPU.ActiveCfg = Release|Any CPU
		{8810EBDB-F4B9-4FB9-B273-C9AB31E1F272}.Release|Any CPU.Build.0 = Release|Any CPU
		{8810EBDB-F4B9-4FB9-B273-C9AB31E1F272}.Release|x64.ActiveCfg = Release|Any CPU
		{8810EBDB-F4B9-4FB9-B273-C9AB31E1F272}.Release|x64.Build.0 = Release|Any CPU
		{8810EBDB-F4B9-4FB9-B273-C9AB31E1F272}.Release|x86.ActiveCfg = Release|Any CPU
		{8810EBDB-F4B9-4FB9-B273-C9AB31E1F272}.Release|x86.Build.0 = Release|Any CPU
	EndGlobalSection
EndGlobal
